Microsoft Visual Studio Solution File, Format Version 10.00
# Visual Studio 2008

Project("{0D822B99-48B9-4D00-0554-15D841A442A7}") = "archery-master", "Assembly-CSharp-firstpass-vs.csproj", "{1F57B4B3-1404-172C-98F9-5F745298DD31}"
EndProject
Project("{0D822B99-48B9-4D00-0554-15D841A442A7}") = "archery-master", "Assembly-CSharp-vs.csproj", "{7BBA3686-C3A4-1C7D-98AB-D28B4A620E75}"
EndProject
Global
	GlobalSection(SolutionConfigurationPlatforms) = preSolution
		Debug|Any CPU = Debug|Any CPU
		Release|Any CPU = Release|Any CPU
	EndGlobalSection
	GlobalSection(ProjectConfigurationPlatforms) = postSolution
		{1F57B4B3-1404-172C-98F9-5F745298DD31}.Debug|Any CPU.ActiveCfg = Debug|Any CPU
		{1F57B4B3-1404-172C-98F9-5F745298DD31}.Debug|Any CPU.Build.0 = Debug|Any CPU
		{1F57B4B3-1404-172C-98F9-5F745298DD31}.Release|Any CPU.ActiveCfg = Release|Any CPU
		{1F57B4B3-1404-172C-98F9-5F745298DD31}.Release|Any CPU.Build.0 = Release|Any CPU
		{7BBA3686-C3A4-1C7D-98AB-D28B4A620E75}.Debug|Any CPU.ActiveCfg = Debug|Any CPU
		{7BBA3686-C3A4-1C7D-98AB-D28B4A620E75}.Debug|Any CPU.Build.0 = Debug|Any CPU
		{7BBA3686-C3A4-1C7D-98AB-D28B4A620E75}.Release|Any CPU.ActiveCfg = Release|Any CPU
		{7BBA3686-C3A4-1C7D-98AB-D28B4A620E75}.Release|Any CPU.Build.0 = Release|Any CPU
	EndGlobalSection
	GlobalSection(SolutionProperties) = preSolution
		HideSolutionNode = FALSE
	EndGlobalSection
	
EndGlobal
